
Microsoft Visual Studio Solution File, Format Version 12.00
# Visual Studio Version 16
VisualStudioVersion = 16.0.30002.166
MinimumVisualStudioVersion = 10.0.40219.1
Project("{FAE04EC0-301F-11D3-BF4B-00C04F79EFBC}") = "UML", "UML\UML.csproj", "{993A658B-2073-4C4C-8932-A2DE4836731D}"
EndProject
Project("{FAE04EC0-301F-11D3-BF4B-00C04F79EFBC}") = "List", "List\List.csproj", "{9C18A845-62A8-4A41-BBA4-921595047D58}"
EndProject
Project("{FAE04EC0-301F-11D3-BF4B-00C04F79EFBC}") = "VernamСipher", "VernamСipher\VernamСipher.csproj", "{3228DE72-A9CF-4651-AE9B-776E49669389}"
EndProject
Project("{FAE04EC0-301F-11D3-BF4B-00C04F79EFBC}") = "Power", "Power\Power.csproj", "{2A99BF16-A99F-418D-9DA6-15A4F4C5EA00}"
EndProject
Global
	GlobalSection(SolutionConfigurationPlatforms) = preSolution
		Debug|Any CPU = Debug|Any CPU
		Release|Any CPU = Release|Any CPU
	EndGlobalSection
	GlobalSection(ProjectConfigurationPlatforms) = postSolution
		{993A658B-2073-4C4C-8932-A2DE4836731D}.Debug|Any CPU.ActiveCfg = Debug|Any CPU
		{993A658B-2073-4C4C-8932-A2DE4836731D}.Debug|Any CPU.Build.0 = Debug|Any CPU
		{993A658B-2073-4C4C-8932-A2DE4836731D}.Release|Any CPU.ActiveCfg = Release|Any CPU
		{993A658B-2073-4C4C-8932-A2DE4836731D}.Release|Any CPU.Build.0 = Release|Any CPU
		{9C18A845-62A8-4A41-BBA4-921595047D58}.Debug|Any CPU.ActiveCfg = Debug|Any CPU
		{9C18A845-62A8-4A41-BBA4-921595047D58}.Debug|Any CPU.Build.0 = Debug|Any CPU
		{9C18A845-62A8-4A41-BBA4-921595047D58}.Release|Any CPU.ActiveCfg = Release|Any CPU
		{9C18A845-62A8-4A41-BBA4-921595047D58}.Release|Any CPU.Build.0 = Release|Any CPU
		{3228DE72-A9CF-4651-AE9B-776E49669389}.Debug|Any CPU.ActiveCfg = Debug|Any CPU
		{3228DE72-A9CF-4651-AE9B-776E49669389}.Debug|Any CPU.Build.0 = Debug|Any CPU
		{3228DE72-A9CF-4651-AE9B-776E49669389}.Release|Any CPU.ActiveCfg = Release|Any CPU
		{3228DE72-A9CF-4651-AE9B-776E49669389}.Release|Any CPU.Build.0 = Release|Any CPU
		{2A99BF16-A99F-418D-9DA6-15A4F4C5EA00}.Debug|Any CPU.ActiveCfg = Debug|Any CPU
		{2A99BF16-A99F-418D-9DA6-15A4F4C5EA00}.Debug|Any CPU.Build.0 = Debug|Any CPU
		{2A99BF16-A99F-418D-9DA6-15A4F4C5EA00}.Release|Any CPU.ActiveCfg = Release|Any CPU
		{2A99BF16-A99F-418D-9DA6-15A4F4C5EA00}.Release|Any CPU.Build.0 = Release|Any CPU
	EndGlobalSection
	GlobalSection(SolutionProperties) = preSolution
		HideSolutionNode = FALSE
	EndGlobalSection
	GlobalSection(ExtensibilityGlobals) = postSolution
		SolutionGuid = {AD3A382D-7B75-4EAF-959E-87E29045DBD3}
	EndGlobalSection
EndGlobal
